// !$*UTF8*$!
{
	archiveVersion = 1;
	classes = {
	};
	objectVersion = 48;
	objects = {

/* Begin PBXBuildFile section */
		440C6B601FD2DD0600411264 /* AppDelegate.swift in Sources */ = {isa = PBXBuildFile; fileRef = 440C6B5F1FD2DD0600411264 /* AppDelegate.swift */; };
		440C6B621FD2DD0600411264 /* ViewController.swift in Sources */ = {isa = PBXBuildFile; fileRef = 440C6B611FD2DD0600411264 /* ViewController.swift */; };
		440C6B651FD2DD0600411264 /* Main.storyboard in Resources */ = {isa = PBXBuildFile; fileRef = 440C6B631FD2DD0600411264 /* Main.storyboard */; };
		440C6B671FD2DD0600411264 /* Assets.xcassets in Resources */ = {isa = PBXBuildFile; fileRef = 440C6B661FD2DD0600411264 /* Assets.xcassets */; };
		440C6B6A1FD2DD0600411264 /* LaunchScreen.storyboard in Resources */ = {isa = PBXBuildFile; fileRef = 440C6B681FD2DD0600411264 /* LaunchScreen.storyboard */; };
		443823131FD2E39D00A20EE5 /* SmileToUnlock.framework in Frameworks */ = {isa = PBXBuildFile; fileRef = 440C6B761FD2DD1E00411264 /* SmileToUnlock.framework */; };
		443823141FD2E39D00A20EE5 /* SmileToUnlock.framework in Embed Frameworks */ = {isa = PBXBuildFile; fileRef = 440C6B761FD2DD1E00411264 /* SmileToUnlock.framework */; settings = {ATTRIBUTES = (CodeSignOnCopy, RemoveHeadersOnCopy, ); }; };
/* End PBXBuildFile section */

/* Begin PBXContainerItemProxy section */
		440C6B751FD2DD1E00411264 /* PBXContainerItemProxy */ = {
			isa = PBXContainerItemProxy;
			containerPortal = 440C6B711FD2DD1E00411264 /* SmileToUnlock.xcodeproj */;
			proxyType = 2;
			remoteGlobalIDString = 440C6B421FD2DC9000411264;
			remoteInfo = SmileToUnlock;
		};
		443823151FD2E39D00A20EE5 /* PBXContainerItemProxy */ = {
			isa = PBXContainerItemProxy;
			containerPortal = 440C6B711FD2DD1E00411264 /* SmileToUnlock.xcodeproj */;
			proxyType = 1;
			remoteGlobalIDString = 440C6B411FD2DC9000411264;
			remoteInfo = SmileToUnlock;
		};
/* End PBXContainerItemProxy section */

/* Begin PBXCopyFilesBuildPhase section */
		443823171FD2E39D00A20EE5 /* Embed Frameworks */ = {
			isa = PBXCopyFilesBuildPhase;
			buildActionMask = 2147483647;
			dstPath = "";
			dstSubfolderSpec = 10;
			files = (
				443823141FD2E39D00A20EE5 /* SmileToUnlock.framework in Embed Frameworks */,
			);
			name = "Embed Frameworks";
			runOnlyForDeploymentPostprocessing = 0;
		};
/* End PBXCopyFilesBuildPhase section */

/* Begin PBXFileReference section */
		440C6B5C1FD2DD0600411264 /* SmileToUnlockExample.app */ = {isa = PBXFileReference; explicitFileType = wrapper.application; includeInIndex = 0; path = SmileToUnlockExample.app; sourceTree = BUILT_PRODUCTS_DIR; };
		440C6B5F1FD2DD0600411264 /* AppDelegate.swift */ = {isa = PBXFileReference; lastKnownFileType = sourcecode.swift; path = AppDelegate.swift; sourceTree = "<group>"; };
		440C6B611FD2DD0600411264 /* ViewController.swift */ = {isa = PBXFileReference; lastKnownFileType = sourcecode.swift; path = ViewController.swift; sourceTree = "<group>"; };
		440C6B641FD2DD0600411264 /* Base */ = {isa = PBXFileReference; lastKnownFileType = file.storyboard; name = Base; path = Base.lproj/Main.storyboard; sourceTree = "<group>"; };
		440C6B661FD2DD0600411264 /* Assets.xcassets */ = {isa = PBXFileReference; lastKnownFileType = folder.assetcatalog; path = Assets.xcassets; sourceTree = "<group>"; };
		440C6B691FD2DD0600411264 /* Base */ = {isa = PBXFileReference; lastKnownFileType = file.storyboard; name = Base; path = Base.lproj/LaunchScreen.storyboard; sourceTree = "<group>"; };
		440C6B6B1FD2DD0600411264 /* Info.plist */ = {isa = PBXFileReference; lastKnownFileType = text.plist.xml; path = Info.plist; sourceTree = "<group>"; };
		440C6B711FD2DD1E00411264 /* SmileToUnlock.xcodeproj */ = {isa = PBXFileReference; lastKnownFileType = "wrapper.pb-project"; name = SmileToUnlock.xcodeproj; path = ../SmileToUnlock.xcodeproj; sourceTree = "<group>"; };
/* End PBXFileReference section */

/* Begin PBXFrameworksBuildPhase section */
		440C6B591FD2DD0600411264 /* Frameworks */ = {
			isa = PBXFrameworksBuildPhase;
			buildActionMask = 2147483647;
			files = (
				443823131FD2E39D00A20EE5 /* SmileToUnlock.framework in Frameworks */,
			);
			runOnlyForDeploymentPostprocessing = 0;
		};
/* End PBXFrameworksBuildPhase section */

/* Begin PBXGroup section */
		440C6B531FD2DD0600411264 = {
			isa = PBXGroup;
			children = (
				440C6B711FD2DD1E00411264 /* SmileToUnlock.xcodeproj */,
				440C6B5E1FD2DD0600411264 /* SmileToUnlockExample */,
				440C6B5D1FD2DD0600411264 /* Products */,
			);
			sourceTree = "<group>";
		};
		440C6B5D1FD2DD0600411264 /* Products */ = {
			isa = PBXGroup;
			children = (
				440C6B5C1FD2DD0600411264 /* SmileToUnlockExample.app */,
			);
			name = Products;
			sourceTree = "<group>";
		};
		440C6B5E1FD2DD0600411264 /* SmileToUnlockExample */ = {
			isa = PBXGroup;
			children = (
				440C6B5F1FD2DD0600411264 /* AppDelegate.swift */,
				440C6B611FD2DD0600411264 /* ViewController.swift */,
				440C6B631FD2DD0600411264 /* Main.storyboard */,
				440C6B661FD2DD0600411264 /* Assets.xcassets */,
				440C6B681FD2DD0600411264 /* LaunchScreen.storyboard */,
				440C6B6B1FD2DD0600411264 /* Info.plist */,
			);
			path = SmileToUnlockExample;
			sourceTree = "<group>";
		};
		440C6B721FD2DD1E00411264 /* Products */ = {
			isa = PBXGroup;
			children = (
				440C6B761FD2DD1E00411264 /* SmileToUnlock.framework */,
			);
			name = Products;
			sourceTree = "<group>";
		};
/* End PBXGroup section */

/* Begin PBXNativeTarget section */
		440C6B5B1FD2DD0600411264 /* SmileToUnlockExample */ = {
			isa = PBXNativeTarget;
			buildConfigurationList = 440C6B6E1FD2DD0600411264 /* Build configuration list for PBXNativeTarget "SmileToUnlockExample" */;
			buildPhases = (
				440C6B581FD2DD0600411264 /* Sources */,
				440C6B591FD2DD0600411264 /* Frameworks */,
				440C6B5A1FD2DD0600411264 /* Resources */,
				443823171FD2E39D00A20EE5 /* Embed Frameworks */,
			);
			buildRules = (
			);
			dependencies = (
				443823161FD2E39D00A20EE5 /* PBXTargetDependency */,
			);
			name = SmileToUnlockExample;
			productName = SmileToUnlockExample;
			productReference = 440C6B5C1FD2DD0600411264 /* SmileToUnlockExample.app */;
			productType = "com.apple.product-type.application";
		};
/* End PBXNativeTarget section */

/* Begin PBXProject section */
		440C6B541FD2DD0600411264 /* Project object */ = {
			isa = PBXProject;
			attributes = {
				LastSwiftUpdateCheck = 0910;
				LastUpgradeCheck = 0910;
				ORGANIZATIONNAME = "Ruslan Serebriakov";
				TargetAttributes = {
					440C6B5B1FD2DD0600411264 = {
						CreatedOnToolsVersion = 9.1;
						ProvisioningStyle = Automatic;
					};
				};
			};
			buildConfigurationList = 440C6B571FD2DD0600411264 /* Build configuration list for PBXProject "SmileToUnlockExample" */;
			compatibilityVersion = "Xcode 8.0";
			developmentRegion = en;
			hasScannedForEncodings = 0;
			knownRegions = (
				en,
				Base,
			);
			mainGroup = 440C6B531FD2DD0600411264;
			productRefGroup = 440C6B5D1FD2DD0600411264 /* Products */;
			projectDirPath = "";
			projectReferences = (
				{
					ProductGroup = 440C6B721FD2DD1E00411264 /* Products */;
					ProjectRef = 440C6B711FD2DD1E00411264 /* SmileToUnlock.xcodeproj */;
				},
			);
			projectRoot = "";
			targets = (
				440C6B5B1FD2DD0600411264 /* SmileToUnlockExample */,
			);
		};
/* End PBXProject section */

/* Begin PBXReferenceProxy section */
		440C6B761FD2DD1E00411264 /* SmileToUnlock.framework */ = {
			isa = PBXReferenceProxy;
			fileType = wrapper.framework;
			path = SmileToUnlock.framework;
			remoteRef = 440C6B751FD2DD1E00411264 /* PBXContainerItemProxy */;
			sourceTree = BUILT_PRODUCTS_DIR;
		};
/* End PBXReferenceProxy section */

/* Begin PBXResourcesBuildPhase section */
		440C6B5A1FD2DD0600411264 /* Resources */ = {
			isa = PBXResourcesBuildPhase;
			buildActionMask = 2147483647;
			files = (
				440C6B6A1FD2DD0600411264 /* LaunchScreen.storyboard in Resources */,
				440C6B671FD2DD0600411264 /* Assets.xcassets in Resources */,
				440C6B651FD2DD0600411264 /* Main.storyboard in Resources */,
			);
			runOnlyForDeploymentPostprocessing = 0;
		};
/* End PBXResourcesBuildPhase section */

/* Begin PBXSourcesBuildPhase section */
		440C6B581FD2DD0600411264 /* Sources */ = {
			isa = PBXSourcesBuildPhase;
			buildActionMask = 2147483647;
			files = (
				440C6B621FD2DD0600411264 /* ViewController.swift in Sources */,
				440C6B601FD2DD0600411264 /* AppDelegate.swift in Sources */,
			);
			runOnlyForDeploymentPostprocessing = 0;
		};
/* End PBXSourcesBuildPhase section */

/* Begin PBXTargetDependency section */
		443823161FD2E39D00A20EE5 /* PBXTargetDependency */ = {
			isa = PBXTargetDependency;
			name = SmileToUnlock;
			targetProxy = 443823151FD2E39D00A20EE5 /* PBXContainerItemProxy */;
		};
/* End PBXTargetDependency section */

/* Begin PBXVariantGroup section */
		440C6B631FD2DD0600411264 /* Main.storyboard */ = {
			isa = PBXVariantGroup;
			children = (
				440C6B641FD2DD0600411264 /* Base */,
			);
			name = Main.storyboard;
			sourceTree = "<group>";
		};
		440C6B681FD2DD0600411264 /* LaunchScreen.storyboard */ = {
			isa = PBXVariantGroup;
			children = (
				440C6B691FD2DD0600411264 /* Base */,
			);
			name = LaunchScreen.storyboard;
			sourceTree = "<group>";
		};
/* End PBXVariantGroup section */

/* Begin XCBuildConfiguration section */
		440C6B6C1FD2DD0600411264 /* Debug */ = {
			isa = XCBuildConfiguration;
			buildSettings = {
				ALWAYS_SEARCH_USER_PATHS = NO;
				CLANG_ANALYZER_NONNULL = YES;
				CLANG_ANALYZER_NUMBER_OBJECT_CONVERSION = YES_AGGRESSIVE;
				CLANG_CXX_LANGUAGE_STANDARD = "gnu++14";
				CLANG_CXX_LIBRARY = "libc++";
				CLANG_ENABLE_MODULES = YES;
				CLANG_ENABLE_OBJC_ARC = YES;
				CLANG_WARN_BLOCK_CAPTURE_AUTORELEASING = YES;
				CLANG_WARN_BOOL_CONVERSION = YES;
				CLANG_WARN_COMMA = YES;
				CLANG_WARN_CONSTANT_CONVERSION = YES;
				CLANG_WARN_DIRECT_OBJC_ISA_USAGE = YES_ERROR;
				CLANG_WARN_DOCUMENTATION_COMMENTS = YES;
				CLANG_WARN_EMPTY_BODY = YES;
				CLANG_WARN_ENUM_CONVERSION = YES;
				CLANG_WARN_INFINITE_RECURSION = YES;
				CLANG_WARN_INT_CONVERSION = YES;
				CLANG_WARN_NON_LITERAL_NULL_CONVERSION = YES;
				CLANG_WARN_OBJC_LITERAL_CONVERSION = YES;
				CLANG_WARN_OBJC_ROOT_CLASS = YES_ERROR;
				CLANG_WARN_RANGE_LOOP_ANALYSIS = YES;
				CLANG_WARN_STRICT_PROTOTYPES = YES;
				CLANG_WARN_SUSPICIOUS_MOVE = YES;
				CLANG_WARN_UNGUARDED_AVAILABILITY = YES_AGGRESSIVE;
				CLANG_WARN_UNREACHABLE_CODE = YES;
				CLANG_WARN__DUPLICATE_METHOD_MATCH = YES;
				CODE_SIGN_IDENTITY = "iPhone Developer";
				COPY_PHASE_STRIP = NO;
				DEBUG_INFORMATION_FORMAT = dwarf;
				ENABLE_STRICT_OBJC_MSGSEND = YES;
				ENABLE_TESTABILITY = YES;
				GCC_C_LANGUAGE_STANDARD = gnu11;
				GCC_DYNAMIC_NO_PIC = NO;
				GCC_NO_COMMON_BLOCKS = YES;
				GCC_OPTIMIZATION_LEVEL = 0;
				GCC_PREPROCESSOR_DEFINITIONS = (
					"DEBUG=1",
					"$(inherited)",
				);
				GCC_WARN_64_TO_32_BIT_CONVERSION = YES;
				GCC_WARN_ABOUT_RETURN_TYPE = YES_ERROR;
				GCC_WARN_UNDECLARED_SELECTOR = YES;
				GCC_WARN_UNINITIALIZED_AUTOS = YES_AGGRESSIVE;
				GCC_WARN_UNUSED_FUNCTION = YES;
				GCC_WARN_UNUSED_VARIABLE = YES;
				IPHONEOS_DEPLOYMENT_TARGET = 11.1;
				MTL_ENABLE_DEBUG_INFO = YES;
				ONLY_ACTIVE_ARCH = YES;
				SDKROOT = iphoneos;
				SWIFT_ACTIVE_COMPILATION_CONDITIONS = DEBUG;
				SWIFT_OPTIMIZATION_LEVEL = "-Onone";
			};
			name = Debug;
		};
		440C6B6D1FD2DD0600411264 /* Release */ = {
			isa = XCBuildConfiguration;
			buildSettings = {
				ALWAYS_SEARCH_USER_PATHS = NO;
				CLANG_ANALYZER_NONNULL = YES;
				CLANG_ANALYZER_NUMBER_OBJECT_CONVERSION = YES_AGGRESSIVE;
				CLANG_CXX_LANGUAGE_STANDARD = "gnu++14";
				CLANG_CXX_LIBRARY = "libc++";
				CLANG_ENABLE_MODULES = YES;
				CLANG_ENABLE_OBJC_ARC = YES;
				CLANG_WARN_BLOCK_CAPTURE_AUTORELEASING = YES;
				CLANG_WARN_BOOL_CONVERSION = YES;
				CLANG_WARN_COMMA = YES;
				CLANG_WARN_CONSTANT_CONVERSION = YES;
				CLANG_WARN_DIRECT_OBJC_ISA_USAGE = YES_ERROR;
				CLANG_WARN_DOCUMENTATION_COMMENTS = YES;
				CLANG_WARN_EMPTY_BODY = YES;
				CLANG_WARN_ENUM_CONVERSION = YES;
				CLANG_WARN_INFINITE_RECURSION = YES;
				CLANG_WARN_INT_CONVERSION = YES;
				CLANG_WARN_NON_LITERAL_NULL_CONVERSION = YES;
				CLANG_WARN_OBJC_LITERAL_CONVERSION = YES;
				CLANG_WARN_OBJC_ROOT_CLASS = YES_ERROR;
				CLANG_WARN_RANGE_LOOP_ANALYSIS = YES;
				CLANG_WARN_STRICT_PROTOTYPES = YES;
				CLANG_WARN_SUSPICIOUS_MOVE = YES;
				CLANG_WARN_UNGUARDED_AVAILABILITY = YES_AGGRESSIVE;
				CLANG_WARN_UNREACHABLE_CODE = YES;
				CLANG_WARN__DUPLICATE_METHOD_MATCH = YES;
				CODE_SIGN_IDENTITY = "iPhone Developer";
				COPY_PHASE_STRIP = NO;
				DEBUG_INFORMATION_FORMAT = "dwarf-with-dsym";
				ENABLE_NS_ASSERTIONS = NO;
				ENABLE_STRICT_OBJC_MSGSEND = YES;
				GCC_C_LANGUAGE_STANDARD = gnu11;
				GCC_NO_COMMON_BLOCKS = YES;
				GCC_WARN_64_TO_32_BIT_CONVERSION = YES;
				GCC_WARN_ABOUT_RETURN_TYPE = YES_ERROR;
				GCC_WARN_UNDECLARED_SELECTOR = YES;
				GCC_WARN_UNINITIALIZED_AUTOS = YES_AGGRESSIVE;
				GCC_WARN_UNUSED_FUNCTION = YES;
				GCC_WARN_UNUSED_VARIABLE = YES;
				IPHONEOS_DEPLOYMENT_TARGET = 11.1;
				MTL_ENABLE_DEBUG_INFO = NO;
				SDKROOT = iphoneos;
				SWIFT_OPTIMIZATION_LEVEL = "-Owholemodule";
				VALIDATE_PRODUCT = YES;
			};
			name = Release;
		};
		440C6B6F1FD2DD0600411264 /* Debug */ = {
			isa = XCBuildConfiguration;
			buildSettings = {
				ALWAYS_EMBED_SWIFT_STANDARD_LIBRARIES = YES;
				ASSETCATALOG_COMPILER_APPICON_NAME = AppIcon;
				CODE_SIGN_STYLE = Automatic;
				DEVELOPMENT_TEAM = 6U6DEJ8A2S;
				INFOPLIST_FILE = SmileToUnlockExample/Info.plist;
				LD_RUNPATH_SEARCH_PATHS = "$(inherited) @executable_path/Frameworks";
				PRODUCT_BUNDLE_IDENTIFIER = rsrbk.SmileToUnlockExample;
				PRODUCT_NAME = "$(TARGET_NAME)";
				SWIFT_VERSION = 4.0;
				TARGETED_DEVICE_FAMILY = "1,2";
			};
			name = Debug;
		};
		440C6B701FD2DD0600411264 /* Release */ = {
			isa = XCBuildConfiguration;
			buildSettings = {
				ALWAYS_EMBED_SWIFT_STANDARD_LIBRARIES = YES;
				ASSETCATALOG_COMPILER_APPICON_NAME = AppIcon;
				CODE_SIGN_STYLE = Automatic;
				DEVELOPMENT_TEAM = 6U6DEJ8A2S;
				INFOPLIST_FILE = SmileToUnlockExample/Info.plist;
				LD_RUNPATH_SEARCH_PATHS = "$(inherited) @executable_path/Frameworks";
				PRODUCT_BUNDLE_IDENTIFIER = rsrbk.SmileToUnlockExample;
				PRODUCT_NAME = "$(TARGET_NAME)";
				SWIFT_VERSION = 4.0;
				TARGETED_DEVICE_FAMILY = "1,2";
			};
			name = Release;
		};
/* End XCBuildConfiguration section */

/* Begin XCConfigurationList section */
		440C6B571FD2DD0600411264 /* Build configuration list for PBXProject "SmileToUnlockExample" */ = {
			isa = XCConfigurationList;
			buildConfigurations = (
				440C6B6C1FD2DD0600411264 /* Debug */,
				440C6B6D1FD2DD0600411264 /* Release */,
			);
			defaultConfigurationIsVisible = 0;
			defaultConfigurationName = Release;
		};
		440C6B6E1FD2DD0600411264 /* Build configuration list for PBXNativeTarget "SmileToUnlockExample" */ = {
			isa = XCConfigurationList;
			buildConfigurations = (
				440C6B6F1FD2DD0600411264 /* Debug */,
				440C6B701FD2DD0600411264 /* Release */,
			);
			defaultConfigurationIsVisible = 0;
			defaultConfigurationName = Release;
		};
/* End XCConfigurationList section */
	};
	rootObject = 440C6B541FD2DD0600411264 /* Project object */;
}
